# This file is automatically @generated by Poetry 1.8.3 and should not be changed by hand.

[[package]]
name = "nodeenv"
version = "1.8.0"
description = "Node.js virtual environment builder"
optional = false
python-versions = ">=2.7,!=3.0.*,!=3.1.*,!=3.2.*,!=3.3.*,!=3.4.*,!=3.5.*,!=3.6.*"
files = [
    {file = "nodeenv-1.8.0-py2.py3-none-any.whl", hash = "sha256:df865724bb3c3adc86b3876fa209771517b0cfe596beff01a92700e0e8be4cec"},
    {file = "nodeenv-1.8.0.tar.gz", hash = "sha256:d51e0c37e64fbf47d017feac3145cdbb58836d7eee8c6f6d3b6880c5456227d2"},
]

[package.dependencies]
setuptools = "*"

[[package]]
name = "pyright"
version = "1.1.333"
description = "Command line wrapper for pyright"
optional = false
python-versions = ">=3.7"
files = [
    {file = "pyright-1.1.333-py3-none-any.whl", hash = "sha256:f0a7b7b0cac11c396b17ef3cf6c8527aca1269edaf5cf8203eed7d6dd1ef52aa"},
    {file = "pyright-1.1.333.tar.gz", hash = "sha256:1c49b0029048120c4378f3baf6c1dcbbfb221678bb69654fe773c514430ac53c"},
]

[package.dependencies]
nodeenv = ">=1.6.0"

[package.extras]
all = ["twine (>=3.4.1)"]
dev = ["twine (>=3.4.1)"]

[[package]]
name = "ruff"
version = "0.5.3"
description = "An extremely fast Python linter and code formatter, written in Rust."
optional = false
python-versions = ">=3.7"
files = [
    {file = "ruff-0.5.3-py3-none-linux_armv6l.whl", hash = "sha256:b12424d9db7347fa63c5ed9af010003338c63c629fb9c9c6adb2aa4f5699729b"},
    {file = "ruff-0.5.3-py3-none-macosx_10_12_x86_64.whl", hash = "sha256:b8d72c5684bbd4ed304a9a955ee2e67f57b35f6193222ade910cca8a805490e3"},
    {file = "ruff-0.5.3-py3-none-macosx_11_0_arm64.whl", hash = "sha256:d2fc2cdb85ccac1e816cc9d5d8cedefd93661bd957756d902543af32a6b04a71"},
    {file = "ruff-0.5.3-py3-none-manylinux_2_17_aarch64.manylinux2014_aarch64.whl", hash = "sha256:cf4bc751240b2fab5d19254571bcacb315c7b0b00bf3c912d52226a82bbec073"},
    {file = "ruff-0.5.3-py3-none-manylinux_2_17_armv7l.manylinux2014_armv7l.whl", hash = "sha256:bc697ec874fdd7c7ba0a85ec76ab38f8595224868d67f097c5ffc21136e72fcd"},
    {file = "ruff-0.5.3-py3-none-manylinux_2_17_i686.manylinux2014_i686.whl", hash = "sha256:e791d34d3557a3819b3704bc1f087293c821083fa206812842fa363f6018a192"},
    {file = "ruff-0.5.3-py3-none-manylinux_2_17_ppc64.manylinux2014_ppc64.whl", hash = "sha256:76bb5a87fd397520b91a83eae8a2f7985236d42dd9459f09eef58e7f5c1d8316"},
    {file = "ruff-0.5.3-py3-none-manylinux_2_17_ppc64le.manylinux2014_ppc64le.whl", hash = "sha256:a8cfc7a26422c78e94f1ec78ec02501bbad2df5834907e75afe474cc6b83a8c1"},
    {file = "ruff-0.5.3-py3-none-manylinux_2_17_s390x.manylinux2014_s390x.whl", hash = "sha256:96066c4328a49fce2dd40e80f7117987369feec30ab771516cf95f1cc2db923c"},
    {file = "ruff-0.5.3-py3-none-manylinux_2_17_x86_64.manylinux2014_x86_64.whl", hash = "sha256:03bfe9ab5bdc0b08470c3b261643ad54ea86edc32b64d1e080892d7953add3ad"},
    {file = "ruff-0.5.3-py3-none-musllinux_1_2_aarch64.whl", hash = "sha256:7704582a026fa02cca83efd76671a98ee6eb412c4230209efe5e2a006c06db62"},
    {file = "ruff-0.5.3-py3-none-musllinux_1_2_armv7l.whl", hash = "sha256:08058d077e21b856d32ebf483443390e29dc44d927608dc8f092ff6776519da9"},
    {file = "ruff-0.5.3-py3-none-musllinux_1_2_i686.whl", hash = "sha256:77d49484429ed7c7e6e2e75a753f153b7b58f875bdb4158ad85af166a1ec1822"},
    {file = "ruff-0.5.3-py3-none-musllinux_1_2_x86_64.whl", hash = "sha256:642cbff6cbfa38d2566d8db086508d6f472edb136cbfcc4ea65997745368c29e"},
    {file = "ruff-0.5.3-py3-none-win32.whl", hash = "sha256:eafc45dd8bdc37a00b28e68cc038daf3ca8c233d73fea276dcd09defb1352841"},
    {file = "ruff-0.5.3-py3-none-win_amd64.whl", hash = "sha256:cbaec2ddf4f78e5e9ecf5456ea0f496991358a1d883862ed0b9e947e2b6aea93"},
    {file = "ruff-0.5.3-py3-none-win_arm64.whl", hash = "sha256:05fbd2cb404775d6cd7f2ff49504e2d20e13ef95fa203bd1ab22413af70d420b"},
    {file = "ruff-0.5.3.tar.gz", hash = "sha256:2a3eb4f1841771fa5b67a56be9c2d16fd3cc88e378bd86aaeaec2f7e6bcdd0a2"},
]

[[package]]
name = "setuptools"
version = "68.2.2"
description = "Easily download, build, install, upgrade, and uninstall Python packages"
optional = false
python-versions = ">=3.8"
files = [
    {file = "setuptools-68.2.2-py3-none-any.whl", hash = "sha256:b454a35605876da60632df1a60f736524eb73cc47bbc9f3f1ef1b644de74fd2a"},
    {file = "setuptools-68.2.2.tar.gz", hash = "sha256:4ac1475276d2f1c48684874089fefcd83bd7162ddaafb81fac866ba0db282a87"},
]

[package.extras]
docs = ["furo", "jaraco.packaging (>=9.3)", "jaraco.tidelift (>=1.4)", "pygments-github-lexers (==0.0.5)", "rst.linker (>=1.9)", "sphinx (>=3.5)", "sphinx-favicon", "sphinx-hoverxref (<2)", "sphinx-inline-tabs", "sphinx-lint", "sphinx-notfound-page (>=1,<2)", "sphinx-reredirects", "sphinxcontrib-towncrier"]
testing = ["build[virtualenv]", "filelock (>=3.4.0)", "flake8-2020", "ini2toml[lite] (>=0.9)", "jaraco.develop (>=7.21)", "jaraco.envs (>=2.2)", "jaraco.path (>=3.2.0)", "pip (>=19.1)", "pytest (>=6)", "pytest-black (>=0.3.7)", "pytest-checkdocs (>=2.4)", "pytest-cov", "pytest-enabler (>=2.2)", "pytest-mypy (>=0.9.1)", "pytest-perf", "pytest-ruff", "pytest-timeout", "pytest-xdist", "tomli-w (>=1.0.0)", "virtualenv (>=13.0.0)", "wheel"]
testing-integration = ["build[virtualenv] (>=1.0.3)", "filelock (>=3.4.0)", "jaraco.envs (>=2.2)", "jaraco.path (>=3.2.0)", "packaging (>=23.1)", "pytest", "pytest-enabler", "pytest-xdist", "tomli", "virtualenv (>=13.0.0)", "wheel"]

[[package]]
name = "toml"
version = "0.10.2"
description = "Python Library for Tom's Obvious, Minimal Language"
optional = false
python-versions = ">=2.6, !=3.0.*, !=3.1.*, !=3.2.*"
files = [
    {file = "toml-0.10.2-py2.py3-none-any.whl", hash = "sha256:806143ae5bfb6a3c6e736a764057db0e6a0e05e338b5630894a5f779cabb4f9b"},
    {file = "toml-0.10.2.tar.gz", hash = "sha256:b3bda1d108d5dd99f4a20d24d9c348e91c4db7ab1b749200bded2f839ccbe68f"},
]

[metadata]
lock-version = "2.0"
python-versions = "^3.12"
content-hash = "53eb287c84d3bf87b560c9903c8c65836bdc0f774a85eb5435cb9173e15eaa88"
