# This file is automatically @generated by Poetry 1.8.3 and should not be changed by hand.

[[package]]
name = "nodeenv"
version = "1.8.0"
description = "Node.js virtual environment builder"
optional = false
python-versions = ">=2.7,!=3.0.*,!=3.1.*,!=3.2.*,!=3.3.*,!=3.4.*,!=3.5.*,!=3.6.*"
files = [
    {file = "nodeenv-1.8.0-py2.py3-none-any.whl", hash = "sha256:df865724bb3c3adc86b3876fa209771517b0cfe596beff01a92700e0e8be4cec"},
    {file = "nodeenv-1.8.0.tar.gz", hash = "sha256:d51e0c37e64fbf47d017feac3145cdbb58836d7eee8c6f6d3b6880c5456227d2"},
]

[package.dependencies]
setuptools = "*"

[[package]]
name = "pyright"
version = "1.1.333"
description = "Command line wrapper for pyright"
optional = false
python-versions = ">=3.7"
files = [
    {file = "pyright-1.1.333-py3-none-any.whl", hash = "sha256:f0a7b7b0cac11c396b17ef3cf6c8527aca1269edaf5cf8203eed7d6dd1ef52aa"},
    {file = "pyright-1.1.333.tar.gz", hash = "sha256:1c49b0029048120c4378f3baf6c1dcbbfb221678bb69654fe773c514430ac53c"},
]

[package.dependencies]
nodeenv = ">=1.6.0"

[package.extras]
all = ["twine (>=3.4.1)"]
dev = ["twine (>=3.4.1)"]

[[package]]
name = "ruff"
version = "0.5.4"
description = "An extremely fast Python linter and code formatter, written in Rust."
optional = false
python-versions = ">=3.7"
files = [
    {file = "ruff-0.5.4-py3-none-linux_armv6l.whl", hash = "sha256:82acef724fc639699b4d3177ed5cc14c2a5aacd92edd578a9e846d5b5ec18ddf"},
    {file = "ruff-0.5.4-py3-none-macosx_10_12_x86_64.whl", hash = "sha256:da62e87637c8838b325e65beee485f71eb36202ce8e3cdbc24b9fcb8b99a37be"},
    {file = "ruff-0.5.4-py3-none-macosx_11_0_arm64.whl", hash = "sha256:e98ad088edfe2f3b85a925ee96da652028f093d6b9b56b76fc242d8abb8e2059"},
    {file = "ruff-0.5.4-py3-none-manylinux_2_17_aarch64.manylinux2014_aarch64.whl", hash = "sha256:4c55efbecc3152d614cfe6c2247a3054cfe358cefbf794f8c79c8575456efe19"},
    {file = "ruff-0.5.4-py3-none-manylinux_2_17_armv7l.manylinux2014_armv7l.whl", hash = "sha256:f9b85eaa1f653abd0a70603b8b7008d9e00c9fa1bbd0bf40dad3f0c0bdd06793"},
    {file = "ruff-0.5.4-py3-none-manylinux_2_17_i686.manylinux2014_i686.whl", hash = "sha256:0cf497a47751be8c883059c4613ba2f50dd06ec672692de2811f039432875278"},
    {file = "ruff-0.5.4-py3-none-manylinux_2_17_ppc64.manylinux2014_ppc64.whl", hash = "sha256:09c14ed6a72af9ccc8d2e313d7acf7037f0faff43cde4b507e66f14e812e37f7"},
    {file = "ruff-0.5.4-py3-none-manylinux_2_17_ppc64le.manylinux2014_ppc64le.whl", hash = "sha256:628f6b8f97b8bad2490240aa84f3e68f390e13fabc9af5c0d3b96b485921cd60"},
    {file = "ruff-0.5.4-py3-none-manylinux_2_17_s390x.manylinux2014_s390x.whl", hash = "sha256:3520a00c0563d7a7a7c324ad7e2cde2355733dafa9592c671fb2e9e3cd8194c1"},
    {file = "ruff-0.5.4-py3-none-manylinux_2_17_x86_64.manylinux2014_x86_64.whl", hash = "sha256:93789f14ca2244fb91ed481456f6d0bb8af1f75a330e133b67d08f06ad85b516"},
    {file = "ruff-0.5.4-py3-none-musllinux_1_2_aarch64.whl", hash = "sha256:029454e2824eafa25b9df46882f7f7844d36fd8ce51c1b7f6d97e2615a57bbcc"},
    {file = "ruff-0.5.4-py3-none-musllinux_1_2_armv7l.whl", hash = "sha256:9492320eed573a13a0bc09a2957f17aa733fff9ce5bf00e66e6d4a88ec33813f"},
    {file = "ruff-0.5.4-py3-none-musllinux_1_2_i686.whl", hash = "sha256:a6e1f62a92c645e2919b65c02e79d1f61e78a58eddaebca6c23659e7c7cb4ac7"},
    {file = "ruff-0.5.4-py3-none-musllinux_1_2_x86_64.whl", hash = "sha256:768fa9208df2bec4b2ce61dbc7c2ddd6b1be9fb48f1f8d3b78b3332c7d71c1ff"},
    {file = "ruff-0.5.4-py3-none-win32.whl", hash = "sha256:e1e7393e9c56128e870b233c82ceb42164966f25b30f68acbb24ed69ce9c3a4e"},
    {file = "ruff-0.5.4-py3-none-win_amd64.whl", hash = "sha256:58b54459221fd3f661a7329f177f091eb35cf7a603f01d9eb3eb11cc348d38c4"},
    {file = "ruff-0.5.4-py3-none-win_arm64.whl", hash = "sha256:bd53da65f1085fb5b307c38fd3c0829e76acf7b2a912d8d79cadcdb4875c1eb7"},
    {file = "ruff-0.5.4.tar.gz", hash = "sha256:2795726d5f71c4f4e70653273d1c23a8182f07dd8e48c12de5d867bfb7557eed"},
]

[[package]]
name = "setuptools"
version = "68.2.2"
description = "Easily download, build, install, upgrade, and uninstall Python packages"
optional = false
python-versions = ">=3.8"
files = [
    {file = "setuptools-68.2.2-py3-none-any.whl", hash = "sha256:b454a35605876da60632df1a60f736524eb73cc47bbc9f3f1ef1b644de74fd2a"},
    {file = "setuptools-68.2.2.tar.gz", hash = "sha256:4ac1475276d2f1c48684874089fefcd83bd7162ddaafb81fac866ba0db282a87"},
]

[package.extras]
docs = ["furo", "jaraco.packaging (>=9.3)", "jaraco.tidelift (>=1.4)", "pygments-github-lexers (==0.0.5)", "rst.linker (>=1.9)", "sphinx (>=3.5)", "sphinx-favicon", "sphinx-hoverxref (<2)", "sphinx-inline-tabs", "sphinx-lint", "sphinx-notfound-page (>=1,<2)", "sphinx-reredirects", "sphinxcontrib-towncrier"]
testing = ["build[virtualenv]", "filelock (>=3.4.0)", "flake8-2020", "ini2toml[lite] (>=0.9)", "jaraco.develop (>=7.21)", "jaraco.envs (>=2.2)", "jaraco.path (>=3.2.0)", "pip (>=19.1)", "pytest (>=6)", "pytest-black (>=0.3.7)", "pytest-checkdocs (>=2.4)", "pytest-cov", "pytest-enabler (>=2.2)", "pytest-mypy (>=0.9.1)", "pytest-perf", "pytest-ruff", "pytest-timeout", "pytest-xdist", "tomli-w (>=1.0.0)", "virtualenv (>=13.0.0)", "wheel"]
testing-integration = ["build[virtualenv] (>=1.0.3)", "filelock (>=3.4.0)", "jaraco.envs (>=2.2)", "jaraco.path (>=3.2.0)", "packaging (>=23.1)", "pytest", "pytest-enabler", "pytest-xdist", "tomli", "virtualenv (>=13.0.0)", "wheel"]

[[package]]
name = "toml"
version = "0.10.2"
description = "Python Library for Tom's Obvious, Minimal Language"
optional = false
python-versions = ">=2.6, !=3.0.*, !=3.1.*, !=3.2.*"
files = [
    {file = "toml-0.10.2-py2.py3-none-any.whl", hash = "sha256:806143ae5bfb6a3c6e736a764057db0e6a0e05e338b5630894a5f779cabb4f9b"},
    {file = "toml-0.10.2.tar.gz", hash = "sha256:b3bda1d108d5dd99f4a20d24d9c348e91c4db7ab1b749200bded2f839ccbe68f"},
]

[metadata]
lock-version = "2.0"
python-versions = "^3.12"
content-hash = "2bc93943eb840c8488251f8e3c80f6b3b4576913a1da786312562f448fcdd070"
